
Microsoft Visual Studio Solution File, Format Version 12.00
# Visual Studio 15
Project("{FAE04EC0-301F-11D3-BF4B-00C04F79EFBC}") = "Assembly-CSharp", "Assembly-CSharp.csproj", "{256266AC-AE25-88ED-4DB7-C9333F8961E7}"
EndProject
Project("{FAE04EC0-301F-11D3-BF4B-00C04F79EFBC}") = "Assembly-CSharp-Editor", "Assembly-CSharp-Editor.csproj", "{459E0C4B-0807-D898-3ED6-84699BBF868E}"
EndProject
Global
	GlobalSection(SolutionConfigurationPlatforms) = preSolution
		Debug|Any CPU = Debug|Any CPU
		Release|Any CPU = Release|Any CPU
	EndGlobalSection
	GlobalSection(ProjectConfigurationPlatforms) = postSolution
		{256266AC-AE25-88ED-4DB7-C9333F8961E7}.Debug|Any CPU.ActiveCfg = Debug|Any CPU
		{256266AC-AE25-88ED-4DB7-C9333F8961E7}.Debug|Any CPU.Build.0 = Debug|Any CPU
		{256266AC-AE25-88ED-4DB7-C9333F8961E7}.Release|Any CPU.ActiveCfg = Release|Any CPU
		{256266AC-AE25-88ED-4DB7-C9333F8961E7}.Release|Any CPU.Build.0 = Release|Any CPU
		{459E0C4B-0807-D898-3ED6-84699BBF868E}.Debug|Any CPU.ActiveCfg = Debug|Any CPU
		{459E0C4B-0807-D898-3ED6-84699BBF868E}.Debug|Any CPU.Build.0 = Debug|Any CPU
		{459E0C4B-0807-D898-3ED6-84699BBF868E}.Release|Any CPU.ActiveCfg = Release|Any CPU
		{459E0C4B-0807-D898-3ED6-84699BBF868E}.Release|Any CPU.Build.0 = Release|Any CPU
	EndGlobalSection
	GlobalSection(SolutionProperties) = preSolution
		HideSolutionNode = FALSE
	EndGlobalSection
EndGlobal
